
Microsoft Visual Studio Solution File, Format Version 12.00
# Visual Studio Version 16
VisualStudioVersion = 16.0.30804.86
MinimumVisualStudioVersion = 10.0.40219.1
Project("{9A19103F-16F7-4668-BE54-9A1E7A4F7556}") = "CursoMVC", "CursoMVC\CursoMVC.csproj", "{BB066A74-949B-4D25-9495-28AA89848047}"
EndProject
Project("{9A19103F-16F7-4668-BE54-9A1E7A4F7556}") = "CursoAPI", "..\CursoAPI\CursoAPI\CursoAPI\CursoAPI.csproj", "{CA3F7EE2-69E3-407F-B93B-571525E5CA04}"
EndProject
Global
	GlobalSection(SolutionConfigurationPlatforms) = preSolution
		Debug|Any CPU = Debug|Any CPU
		Release|Any CPU = Release|Any CPU
	EndGlobalSection
	GlobalSection(ProjectConfigurationPlatforms) = postSolution
		{BB066A74-949B-4D25-9495-28AA89848047}.Debug|Any CPU.ActiveCfg = Debug|Any CPU
		{BB066A74-949B-4D25-9495-28AA89848047}.Debug|Any CPU.Build.0 = Debug|Any CPU
		{BB066A74-949B-4D25-9495-28AA89848047}.Release|Any CPU.ActiveCfg = Release|Any CPU
		{BB066A74-949B-4D25-9495-28AA89848047}.Release|Any CPU.Build.0 = Release|Any CPU
		{CA3F7EE2-69E3-407F-B93B-571525E5CA04}.Debug|Any CPU.ActiveCfg = Debug|Any CPU
		{CA3F7EE2-69E3-407F-B93B-571525E5CA04}.Debug|Any CPU.Build.0 = Debug|Any CPU
		{CA3F7EE2-69E3-407F-B93B-571525E5CA04}.Release|Any CPU.ActiveCfg = Release|Any CPU
		{CA3F7EE2-69E3-407F-B93B-571525E5CA04}.Release|Any CPU.Build.0 = Release|Any CPU
	EndGlobalSection
	GlobalSection(SolutionProperties) = preSolution
		HideSolutionNode = FALSE
	EndGlobalSection
	GlobalSection(ExtensibilityGlobals) = postSolution
		SolutionGuid = {A8DA3B39-413C-4FE8-8F53-ED043427C837}
	EndGlobalSection
EndGlobal
